# Generated by buf. DO NOT EDIT.
version: v2
deps:
  - name: buf.build/einride/googleapis
    commit: 4b867c1ec59445ff95009ca2a3e6cb4c
    digest: b5:171dbbe44bbd9c2621aecf5ae8e2e378764b57f801ee062da16bae501b849777c96a0a9c85761a1b423549faf83815324912906993ce4a15230e3c0694775316
  - name: buf.build/einride/grpc-service-config
    commit: f9bc1b4483044934863ba651a406f5a6
    digest: b5:390a386bc065177fbad06c5c3a340eb1672e1679e82c2de6d8799cc34324c508a7c997a68e69e39912108db718bfb1ee36b3c984011a6cef274421af52ed5aa3
  - name: buf.build/einride/iam
    commit: c9c6613b427541958e0ad8f7d1dc29f3
    digest: b5:5218e00971200da1a3eaff9576040d7d726bfd4d31d05c10d10775946ea2d2bee2d96ae4bbefca8a5bca6594f39e14a4aa94e923e111ff3377a77676d4991f1f
  - name: buf.build/googleapis/googleapis
    commit: 8bc2c51e08c447cd8886cdea48a73e14
    digest: b5:b7e0ac9d192bd0eae88160101269550281448c51f25121cd0d51957661a350aab07001bc145fe9029a8da10b99ff000ae5b284ecaca9c75f2a99604a04d9b4ab
  - name: buf.build/grpc-ecosystem/grpc-gateway
    commit: a48fcebcf8f140dd9d09359b9bb185a4
    digest: b5:330af8a71b579ab96c4f3ee26929d1a68a5a9e986c7cfe0a898591fc514216bb6e723dc04c74d90fdee3f3f14f9100a54b4f079eb273e6e7213f0d5baca36ff8
